
Microsoft Visual Studio Solution File, Format Version 12.00
# Visual Studio Version 16
VisualStudioVersion = 16.0.31729.503
MinimumVisualStudioVersion = 10.0.40219.1
Project("{FAE04EC0-301F-11D3-BF4B-00C04F79EFBC}") = "Bookstore", "Bookstore\Bookstore.csproj", "{5F0B0E6F-C654-443B-A24D-E7CF3FF52EE5}"
EndProject
Global
	GlobalSection(SolutionConfigurationPlatforms) = preSolution
		Debug|Any CPU = Debug|Any CPU
		Release|Any CPU = Release|Any CPU
	EndGlobalSection
	GlobalSection(ProjectConfigurationPlatforms) = postSolution
		{5F0B0E6F-C654-443B-A24D-E7CF3FF52EE5}.Debug|Any CPU.ActiveCfg = Debug|Any CPU
		{5F0B0E6F-C654-443B-A24D-E7CF3FF52EE5}.Debug|Any CPU.Build.0 = Debug|Any CPU
		{5F0B0E6F-C654-443B-A24D-E7CF3FF52EE5}.Release|Any CPU.ActiveCfg = Release|Any CPU
		{5F0B0E6F-C654-443B-A24D-E7CF3FF52EE5}.Release|Any CPU.Build.0 = Release|Any CPU
	EndGlobalSection
	GlobalSection(SolutionProperties) = preSolution
		HideSolutionNode = FALSE
	EndGlobalSection
	GlobalSection(ExtensibilityGlobals) = postSolution
		SolutionGuid = {027EACF5-1C59-4D83-BC9F-296995FB382E}
	EndGlobalSection
EndGlobal
